
Microsoft Visual Studio Solution File, Format Version 12.00
# Visual Studio 14
VisualStudioVersion = 14.0.25420.1
MinimumVisualStudioVersion = 10.0.40219.1
Project("{FAE04EC0-301F-11D3-BF4B-00C04F79EFBC}") = "MovieReviewApp", "MovieReviewApp\MovieReviewApp.csproj", "{2EEC6498-FD35-43E5-86F1-C10106197016}"
EndProject
Global
	GlobalSection(SolutionConfigurationPlatforms) = preSolution
		Debug|Any CPU = Debug|Any CPU
		Release|Any CPU = Release|Any CPU
	EndGlobalSection
	GlobalSection(ProjectConfigurationPlatforms) = postSolution
		{2EEC6498-FD35-43E5-86F1-C10106197016}.Debug|Any CPU.ActiveCfg = Debug|Any CPU
		{2EEC6498-FD35-43E5-86F1-C10106197016}.Debug|Any CPU.Build.0 = Debug|Any CPU
		{2EEC6498-FD35-43E5-86F1-C10106197016}.Release|Any CPU.ActiveCfg = Release|Any CPU
		{2EEC6498-FD35-43E5-86F1-C10106197016}.Release|Any CPU.Build.0 = Release|Any CPU
	EndGlobalSection
	GlobalSection(SolutionProperties) = preSolution
		HideSolutionNode = FALSE
	EndGlobalSection
EndGlobal
